
Microsoft Visual Studio Solution File, Format Version 12.00
# Visual Studio Version 17
VisualStudioVersion = 17.10.34928.147
MinimumVisualStudioVersion = 10.0.40219.1
Project("{F184B08F-C81C-45F6-A57F-5ABD9991F28F}") = "VitalEdge", "VitalEdge.vbproj", "{A434A513-BEBD-44D2-928B-EB34112A004C}"
EndProject
Global
	GlobalSection(SolutionConfigurationPlatforms) = preSolution
		Debug|Any CPU = Debug|Any CPU
		Release|Any CPU = Release|Any CPU
	EndGlobalSection
	GlobalSection(ProjectConfigurationPlatforms) = postSolution
		{A434A513-BEBD-44D2-928B-EB34112A004C}.Debug|Any CPU.ActiveCfg = Debug|Any CPU
		{A434A513-BEBD-44D2-928B-EB34112A004C}.Debug|Any CPU.Build.0 = Debug|Any CPU
		{A434A513-BEBD-44D2-928B-EB34112A004C}.Release|Any CPU.ActiveCfg = Release|Any CPU
		{A434A513-BEBD-44D2-928B-EB34112A004C}.Release|Any CPU.Build.0 = Release|Any CPU
	EndGlobalSection
	GlobalSection(SolutionProperties) = preSolution
		HideSolutionNode = FALSE
	EndGlobalSection
	GlobalSection(ExtensibilityGlobals) = postSolution
		SolutionGuid = {A420D3E9-F951-484A-83F5-B8BF0464C54F}
	EndGlobalSection
EndGlobal
